# THIS IS AN AUTOGENERATED FILE. DO NOT EDIT THIS FILE DIRECTLY.
# yarn lockfile v1


html5parser@^1.1.0:
  version "1.1.0"
  resolved "https://registry.yarnpkg.com/html5parser/-/html5parser-1.1.0.tgz#b717c36d24b1d60e3902b15fc563ae97824c43b8"
  integrity sha512-tjY9bhXMPshaTp3xosgjNXSQTnevVk7VRu4YLXdHG3sNa+uFIPcSI9DCz14xKo0yno4SvvNCL2c98OdH6uwSJg==
  dependencies:
    tslib "^1.10.0"

tslib@^1.10.0:
  version "1.10.0"
  resolved "https://registry.yarnpkg.com/tslib/-/tslib-1.10.0.tgz#c3c19f95973fb0a62973fb09d90d961ee43e5c8a"
  integrity sha512-qOebF53frne81cf0S9B41ByenJ3/IuH8yJKngAX35CmiZySA0khhkovshKK+jGCaMnVomla7gVlIcc3EvKPbTQ==
