# THIS IS AN AUTOGENERATED FILE. DO NOT EDIT THIS FILE DIRECTLY.
# yarn lockfile v1


"@babel/runtime@^7.8.7":
  version "7.9.2"
  resolved "https://registry.yarnpkg.com/@babel/runtime/-/runtime-7.9.2.tgz#d90df0583a3a252f09aaa619665367bae518db06"
  integrity sha512-NE2DtOdufG7R5vnfQUTehdTfNycfUANEtCa9PssN9O/xmTzP4E08UI797ixaei6hBEVL9BI/PsdJS5x7mWoB9Q==
  dependencies:
    regenerator-runtime "^0.13.4"

fn-name@~3.0.0:
  version "3.0.0"
  resolved "https://registry.yarnpkg.com/fn-name/-/fn-name-3.0.0.tgz#0596707f635929634d791f452309ab41558e3c5c"
  integrity sha512-eNMNr5exLoavuAMhIUVsOKF79SWd/zG104ef6sxBTSw+cZc6BXdQXDvYcGvp0VbxVVSp1XDUNoz7mg1xMtSznA==

lodash-es@^4.17.11:
  version "4.17.15"
  resolved "https://registry.yarnpkg.com/lodash-es/-/lodash-es-4.17.15.tgz#21bd96839354412f23d7a10340e5eac6ee455d78"
  integrity sha512-rlrc3yU3+JNOpZ9zj5pQtxnx2THmvRykwL4Xlxoa8I9lHBlVbbyPhgyPMioxVZ4NqyxaVVtaJnzsyOidQIhyyQ==

lodash@^4.17.15:
  version "4.17.15"
  resolved "https://registry.yarnpkg.com/lodash/-/lodash-4.17.15.tgz#b447f6670a0455bbfeedd11392eff330ea097548"
  integrity sha512-8xOcRHvCjnocdS5cpwXQXVzmmh5e5+saE2QGoeQmbKmRS6J3VQppPOIt0MnmE+4xlZoumy0GPG0D0MVIQbNA1A==

property-expr@^2.0.0:
  version "2.0.2"
  resolved "https://registry.yarnpkg.com/property-expr/-/property-expr-2.0.2.tgz#fff2a43919135553a3bc2fdd94bdb841965b2330"
  integrity sha512-bc/5ggaYZxNkFKj374aLbEDqVADdYaLcFo8XBkishUWbaAdjlphaBFns9TvRA2pUseVL/wMFmui9X3IdNDU37g==

regenerator-runtime@^0.13.4:
  version "0.13.5"
  resolved "https://registry.yarnpkg.com/regenerator-runtime/-/regenerator-runtime-0.13.5.tgz#d878a1d094b4306d10b9096484b33ebd55e26697"
  integrity sha512-ZS5w8CpKFinUzOwW3c83oPeVXoNsrLsaCoLtJvAClH135j/R77RuymhiSErhm2lKcwSCIpmvIWSbDkIfAqKQlA==

synchronous-promise@^2.0.10:
  version "2.0.10"
  resolved "https://registry.yarnpkg.com/synchronous-promise/-/synchronous-promise-2.0.10.tgz#e64c6fd3afd25f423963353043f4a68ebd397fd8"
  integrity sha512-6PC+JRGmNjiG3kJ56ZMNWDPL8hjyghF5cMXIFOKg+NiwwEZZIvxTWd0pinWKyD227odg9ygF8xVhhz7gb8Uq7A==

toposort@^2.0.2:
  version "2.0.2"
  resolved "https://registry.yarnpkg.com/toposort/-/toposort-2.0.2.tgz#ae21768175d1559d48bef35420b2f4962f09c330"
  integrity sha1-riF2gXXRVZ1IvvNUILL0li8JwzA=

yup@^0.28.3:
  version "0.28.3"
  resolved "https://registry.yarnpkg.com/yup/-/yup-0.28.3.tgz#1ca607405a8adf24a5ac51f54bd09d527555f0ba"
  integrity sha512-amVkCgFWe5bGjrrUiODkbIzrSwtB8JpZrQYSrfj2YsbRdrV+tn9LquWdZDlfOx2HXyfEA8FGnlwidE/bFDxO7Q==
  dependencies:
    "@babel/runtime" "^7.8.7"
    fn-name "~3.0.0"
    lodash "^4.17.15"
    lodash-es "^4.17.11"
    property-expr "^2.0.0"
    synchronous-promise "^2.0.10"
    toposort "^2.0.2"
